// !$*UTF8*$!
{
	archiveVersion = 1;
	classes = {
	};
	objectVersion = 50;
	objects = {

/* Begin PBXBuildFile section */
		86FA876A24CC7FCA00E45172 /* AppDelegate.swift in Sources */ = {isa = PBXBuildFile; fileRef = 86FA876924CC7FCA00E45172 /* AppDelegate.swift */; };
		86FA876C24CC7FCA00E45172 /* SceneDelegate.swift in Sources */ = {isa = PBXBuildFile; fileRef = 86FA876B24CC7FCA00E45172 /* SceneDelegate.swift */; };
		86FA876E24CC7FCA00E45172 /* ViewController.swift in Sources */ = {isa = PBXBuildFile; fileRef = 86FA876D24CC7FCA00E45172 /* ViewController.swift */; };
		86FA877124CC7FCA00E45172 /* Main.storyboard in Resources */ = {isa = PBXBuildFile; fileRef = 86FA876F24CC7FCA00E45172 /* Main.storyboard */; };
		86FA877324CC7FD000E45172 /* Assets.xcassets in Resources */ = {isa = PBXBuildFile; fileRef = 86FA877224CC7FD000E45172 /* Assets.xcassets */; };
		86FA877624CC7FD000E45172 /* LaunchScreen.storyboard in Resources */ = {isa = PBXBuildFile; fileRef = 86FA877424CC7FD000E45172 /* LaunchScreen.storyboard */; };
		86FA878224CC86F700E45172 /* RoundedCorner.swift in Sources */ = {isa = PBXBuildFile; fileRef = 86FA878124CC86F700E45172 /* RoundedCorner.swift */; };
		86FA878A24CD67B500E45172 /* colours.json in Resources */ = {isa = PBXBuildFile; fileRef = 86FA878924CD67B500E45172 /* colours.json */; };
		86FA878C24CD6C5500E45172 /* ColourCell.swift in Sources */ = {isa = PBXBuildFile; fileRef = 86FA878B24CD6C5500E45172 /* ColourCell.swift */; };
		86FA878E24CD766F00E45172 /* ColourList.swift in Sources */ = {isa = PBXBuildFile; fileRef = 86FA878D24CD766F00E45172 /* ColourList.swift */; };
		86FA879124CDA75C00E45172 /* AlertController.swift in Sources */ = {isa = PBXBuildFile; fileRef = 86FA879024CDA75C00E45172 /* AlertController.swift */; };
		86FA879324CDA7BC00E45172 /* GlobalString.swift in Sources */ = {isa = PBXBuildFile; fileRef = 86FA879224CDA7BC00E45172 /* GlobalString.swift */; };
/* End PBXBuildFile section */

/* Begin PBXFileReference section */
		86FA876624CC7FCA00E45172 /* Uffizio Test App.app */ = {isa = PBXFileReference; explicitFileType = wrapper.application; includeInIndex = 0; path = "Uffizio Test App.app"; sourceTree = BUILT_PRODUCTS_DIR; };
		86FA876924CC7FCA00E45172 /* AppDelegate.swift */ = {isa = PBXFileReference; lastKnownFileType = sourcecode.swift; path = AppDelegate.swift; sourceTree = "<group>"; };
		86FA876B24CC7FCA00E45172 /* SceneDelegate.swift */ = {isa = PBXFileReference; lastKnownFileType = sourcecode.swift; path = SceneDelegate.swift; sourceTree = "<group>"; };
		86FA876D24CC7FCA00E45172 /* ViewController.swift */ = {isa = PBXFileReference; lastKnownFileType = sourcecode.swift; path = ViewController.swift; sourceTree = "<group>"; };
		86FA877024CC7FCA00E45172 /* Base */ = {isa = PBXFileReference; lastKnownFileType = file.storyboard; name = Base; path = Base.lproj/Main.storyboard; sourceTree = "<group>"; };
		86FA877224CC7FD000E45172 /* Assets.xcassets */ = {isa = PBXFileReference; lastKnownFileType = folder.assetcatalog; path = Assets.xcassets; sourceTree = "<group>"; };
		86FA877524CC7FD000E45172 /* Base */ = {isa = PBXFileReference; lastKnownFileType = file.storyboard; name = Base; path = Base.lproj/LaunchScreen.storyboard; sourceTree = "<group>"; };
		86FA877724CC7FD000E45172 /* Info.plist */ = {isa = PBXFileReference; lastKnownFileType = text.plist.xml; path = Info.plist; sourceTree = "<group>"; };
		86FA878124CC86F700E45172 /* RoundedCorner.swift */ = {isa = PBXFileReference; fileEncoding = 4; lastKnownFileType = sourcecode.swift; path = RoundedCorner.swift; sourceTree = "<group>"; };
		86FA878924CD67B500E45172 /* colours.json */ = {isa = PBXFileReference; fileEncoding = 4; lastKnownFileType = text.json; path = colours.json; sourceTree = "<group>"; };
		86FA878B24CD6C5500E45172 /* ColourCell.swift */ = {isa = PBXFileReference; lastKnownFileType = sourcecode.swift; path = ColourCell.swift; sourceTree = "<group>"; };
		86FA878D24CD766F00E45172 /* ColourList.swift */ = {isa = PBXFileReference; lastKnownFileType = sourcecode.swift; path = ColourList.swift; sourceTree = "<group>"; };
		86FA879024CDA75C00E45172 /* AlertController.swift */ = {isa = PBXFileReference; lastKnownFileType = sourcecode.swift; path = AlertController.swift; sourceTree = "<group>"; };
		86FA879224CDA7BC00E45172 /* GlobalString.swift */ = {isa = PBXFileReference; lastKnownFileType = sourcecode.swift; path = GlobalString.swift; sourceTree = "<group>"; };
/* End PBXFileReference section */

/* Begin PBXFrameworksBuildPhase section */
		86FA876324CC7FCA00E45172 /* Frameworks */ = {
			isa = PBXFrameworksBuildPhase;
			buildActionMask = 2147483647;
			files = (
			);
			runOnlyForDeploymentPostprocessing = 0;
		};
/* End PBXFrameworksBuildPhase section */

/* Begin PBXGroup section */
		86FA875D24CC7FCA00E45172 = {
			isa = PBXGroup;
			children = (
				86FA876824CC7FCA00E45172 /* Uffizio Test App */,
				86FA876724CC7FCA00E45172 /* Products */,
			);
			sourceTree = "<group>";
		};
		86FA876724CC7FCA00E45172 /* Products */ = {
			isa = PBXGroup;
			children = (
				86FA876624CC7FCA00E45172 /* Uffizio Test App.app */,
			);
			name = Products;
			sourceTree = "<group>";
		};
		86FA876824CC7FCA00E45172 /* Uffizio Test App */ = {
			isa = PBXGroup;
			children = (
				86FA878F24CD9BDD00E45172 /* Views */,
				86FA877F24CC7FFC00E45172 /* Assets */,
				86FA877D24CC7FDA00E45172 /* Delegate Files */,
				86FA877E24CC7FEB00E45172 /* Storyboard */,
				86FA878024CC86B700E45172 /* Utilities */,
				86FA877724CC7FD000E45172 /* Info.plist */,
			);
			path = "Uffizio Test App";
			sourceTree = "<group>";
		};
		86FA877D24CC7FDA00E45172 /* Delegate Files */ = {
			isa = PBXGroup;
			children = (
				86FA876924CC7FCA00E45172 /* AppDelegate.swift */,
				86FA876B24CC7FCA00E45172 /* SceneDelegate.swift */,
			);
			path = "Delegate Files";
			sourceTree = "<group>";
		};
		86FA877E24CC7FEB00E45172 /* Storyboard */ = {
			isa = PBXGroup;
			children = (
				86FA876F24CC7FCA00E45172 /* Main.storyboard */,
				86FA877424CC7FD000E45172 /* LaunchScreen.storyboard */,
			);
			path = Storyboard;
			sourceTree = "<group>";
		};
		86FA877F24CC7FFC00E45172 /* Assets */ = {
			isa = PBXGroup;
			children = (
				86FA877224CC7FD000E45172 /* Assets.xcassets */,
			);
			path = Assets;
			sourceTree = "<group>";
		};
		86FA878024CC86B700E45172 /* Utilities */ = {
			isa = PBXGroup;
			children = (
				86FA878924CD67B500E45172 /* colours.json */,
				86FA878124CC86F700E45172 /* RoundedCorner.swift */,
				86FA878D24CD766F00E45172 /* ColourList.swift */,
				86FA879024CDA75C00E45172 /* AlertController.swift */,
				86FA879224CDA7BC00E45172 /* GlobalString.swift */,
			);
			path = Utilities;
			sourceTree = "<group>";
		};
		86FA878F24CD9BDD00E45172 /* Views */ = {
			isa = PBXGroup;
			children = (
				86FA878B24CD6C5500E45172 /* ColourCell.swift */,
				86FA876D24CC7FCA00E45172 /* ViewController.swift */,
			);
			path = Views;
			sourceTree = "<group>";
		};
/* End PBXGroup section */

/* Begin PBXNativeTarget section */
		86FA876524CC7FCA00E45172 /* Uffizio Test App */ = {
			isa = PBXNativeTarget;
			buildConfigurationList = 86FA877A24CC7FD000E45172 /* Build configuration list for PBXNativeTarget "Uffizio Test App" */;
			buildPhases = (
				86FA876224CC7FCA00E45172 /* Sources */,
				86FA876324CC7FCA00E45172 /* Frameworks */,
				86FA876424CC7FCA00E45172 /* Resources */,
			);
			buildRules = (
			);
			dependencies = (
			);
			name = "Uffizio Test App";
			productName = "Uffizio Test App";
			productReference = 86FA876624CC7FCA00E45172 /* Uffizio Test App.app */;
			productType = "com.apple.product-type.application";
		};
/* End PBXNativeTarget section */

/* Begin PBXProject section */
		86FA875E24CC7FCA00E45172 /* Project object */ = {
			isa = PBXProject;
			attributes = {
				LastSwiftUpdateCheck = 1150;
				LastUpgradeCheck = 1150;
				ORGANIZATIONNAME = Vikas;
				TargetAttributes = {
					86FA876524CC7FCA00E45172 = {
						CreatedOnToolsVersion = 11.5;
					};
				};
			};
			buildConfigurationList = 86FA876124CC7FCA00E45172 /* Build configuration list for PBXProject "Uffizio Test App" */;
			compatibilityVersion = "Xcode 9.3";
			developmentRegion = en;
			hasScannedForEncodings = 0;
			knownRegions = (
				en,
				Base,
			);
			mainGroup = 86FA875D24CC7FCA00E45172;
			productRefGroup = 86FA876724CC7FCA00E45172 /* Products */;
			projectDirPath = "";
			projectRoot = "";
			targets = (
				86FA876524CC7FCA00E45172 /* Uffizio Test App */,
			);
		};
/* End PBXProject section */

/* Begin PBXResourcesBuildPhase section */
		86FA876424CC7FCA00E45172 /* Resources */ = {
			isa = PBXResourcesBuildPhase;
			buildActionMask = 2147483647;
			files = (
				86FA877624CC7FD000E45172 /* LaunchScreen.storyboard in Resources */,
				86FA877324CC7FD000E45172 /* Assets.xcassets in Resources */,
				86FA877124CC7FCA00E45172 /* Main.storyboard in Resources */,
				86FA878A24CD67B500E45172 /* colours.json in Resources */,
			);
			runOnlyForDeploymentPostprocessing = 0;
		};
/* End PBXResourcesBuildPhase section */

/* Begin PBXSourcesBuildPhase section */
		86FA876224CC7FCA00E45172 /* Sources */ = {
			isa = PBXSourcesBuildPhase;
			buildActionMask = 2147483647;
			files = (
				86FA878224CC86F700E45172 /* RoundedCorner.swift in Sources */,
				86FA878E24CD766F00E45172 /* ColourList.swift in Sources */,
				86FA878C24CD6C5500E45172 /* ColourCell.swift in Sources */,
				86FA876E24CC7FCA00E45172 /* ViewController.swift in Sources */,
				86FA879124CDA75C00E45172 /* AlertController.swift in Sources */,
				86FA879324CDA7BC00E45172 /* GlobalString.swift in Sources */,
				86FA876A24CC7FCA00E45172 /* AppDelegate.swift in Sources */,
				86FA876C24CC7FCA00E45172 /* SceneDelegate.swift in Sources */,
			);
			runOnlyForDeploymentPostprocessing = 0;
		};
/* End PBXSourcesBuildPhase section */

/* Begin PBXVariantGroup section */
		86FA876F24CC7FCA00E45172 /* Main.storyboard */ = {
			isa = PBXVariantGroup;
			children = (
				86FA877024CC7FCA00E45172 /* Base */,
			);
			name = Main.storyboard;
			sourceTree = "<group>";
		};
		86FA877424CC7FD000E45172 /* LaunchScreen.storyboard */ = {
			isa = PBXVariantGroup;
			children = (
				86FA877524CC7FD000E45172 /* Base */,
			);
			name = LaunchScreen.storyboard;
			sourceTree = "<group>";
		};
/* End PBXVariantGroup section */

/* Begin XCBuildConfiguration section */
		86FA877824CC7FD000E45172 /* Debug */ = {
			isa = XCBuildConfiguration;
			buildSettings = {
				ALWAYS_SEARCH_USER_PATHS = NO;
				CLANG_ANALYZER_NONNULL = YES;
				CLANG_ANALYZER_NUMBER_OBJECT_CONVERSION = YES_AGGRESSIVE;
				CLANG_CXX_LANGUAGE_STANDARD = "gnu++14";
				CLANG_CXX_LIBRARY = "libc++";
				CLANG_ENABLE_MODULES = YES;
				CLANG_ENABLE_OBJC_ARC = YES;
				CLANG_ENABLE_OBJC_WEAK = YES;
				CLANG_WARN_BLOCK_CAPTURE_AUTORELEASING = YES;
				CLANG_WARN_BOOL_CONVERSION = YES;
				CLANG_WARN_COMMA = YES;
				CLANG_WARN_CONSTANT_CONVERSION = YES;
				CLANG_WARN_DEPRECATED_OBJC_IMPLEMENTATIONS = YES;
				CLANG_WARN_DIRECT_OBJC_ISA_USAGE = YES_ERROR;
				CLANG_WARN_DOCUMENTATION_COMMENTS = YES;
				CLANG_WARN_EMPTY_BODY = YES;
				CLANG_WARN_ENUM_CONVERSION = YES;
				CLANG_WARN_INFINITE_RECURSION = YES;
				CLANG_WARN_INT_CONVERSION = YES;
				CLANG_WARN_NON_LITERAL_NULL_CONVERSION = YES;
				CLANG_WARN_OBJC_IMPLICIT_RETAIN_SELF = YES;
				CLANG_WARN_OBJC_LITERAL_CONVERSION = YES;
				CLANG_WARN_OBJC_ROOT_CLASS = YES_ERROR;
				CLANG_WARN_RANGE_LOOP_ANALYSIS = YES;
				CLANG_WARN_STRICT_PROTOTYPES = YES;
				CLANG_WARN_SUSPICIOUS_MOVE = YES;
				CLANG_WARN_UNGUARDED_AVAILABILITY = YES_AGGRESSIVE;
				CLANG_WARN_UNREACHABLE_CODE = YES;
				CLANG_WARN__DUPLICATE_METHOD_MATCH = YES;
				COPY_PHASE_STRIP = NO;
				DEBUG_INFORMATION_FORMAT = dwarf;
				ENABLE_STRICT_OBJC_MSGSEND = YES;
				ENABLE_TESTABILITY = YES;
				GCC_C_LANGUAGE_STANDARD = gnu11;
				GCC_DYNAMIC_NO_PIC = NO;
				GCC_NO_COMMON_BLOCKS = YES;
				GCC_OPTIMIZATION_LEVEL = 0;
				GCC_PREPROCESSOR_DEFINITIONS = (
					"DEBUG=1",
					"$(inherited)",
				);
				GCC_WARN_64_TO_32_BIT_CONVERSION = YES;
				GCC_WARN_ABOUT_RETURN_TYPE = YES_ERROR;
				GCC_WARN_UNDECLARED_SELECTOR = YES;
				GCC_WARN_UNINITIALIZED_AUTOS = YES_AGGRESSIVE;
				GCC_WARN_UNUSED_FUNCTION = YES;
				GCC_WARN_UNUSED_VARIABLE = YES;
				IPHONEOS_DEPLOYMENT_TARGET = 13.5;
				MTL_ENABLE_DEBUG_INFO = INCLUDE_SOURCE;
				MTL_FAST_MATH = YES;
				ONLY_ACTIVE_ARCH = YES;
				SDKROOT = iphoneos;
				SWIFT_ACTIVE_COMPILATION_CONDITIONS = DEBUG;
				SWIFT_OPTIMIZATION_LEVEL = "-Onone";
			};
			name = Debug;
		};
		86FA877924CC7FD000E45172 /* Release */ = {
			isa = XCBuildConfiguration;
			buildSettings = {
				ALWAYS_SEARCH_USER_PATHS = NO;
				CLANG_ANALYZER_NONNULL = YES;
				CLANG_ANALYZER_NUMBER_OBJECT_CONVERSION = YES_AGGRESSIVE;
				CLANG_CXX_LANGUAGE_STANDARD = "gnu++14";
				CLANG_CXX_LIBRARY = "libc++";
				CLANG_ENABLE_MODULES = YES;
				CLANG_ENABLE_OBJC_ARC = YES;
				CLANG_ENABLE_OBJC_WEAK = YES;
				CLANG_WARN_BLOCK_CAPTURE_AUTORELEASING = YES;
				CLANG_WARN_BOOL_CONVERSION = YES;
				CLANG_WARN_COMMA = YES;
				CLANG_WARN_CONSTANT_CONVERSION = YES;
				CLANG_WARN_DEPRECATED_OBJC_IMPLEMENTATIONS = YES;
				CLANG_WARN_DIRECT_OBJC_ISA_USAGE = YES_ERROR;
				CLANG_WARN_DOCUMENTATION_COMMENTS = YES;
				CLANG_WARN_EMPTY_BODY = YES;
				CLANG_WARN_ENUM_CONVERSION = YES;
				CLANG_WARN_INFINITE_RECURSION = YES;
				CLANG_WARN_INT_CONVERSION = YES;
				CLANG_WARN_NON_LITERAL_NULL_CONVERSION = YES;
				CLANG_WARN_OBJC_IMPLICIT_RETAIN_SELF = YES;
				CLANG_WARN_OBJC_LITERAL_CONVERSION = YES;
				CLANG_WARN_OBJC_ROOT_CLASS = YES_ERROR;
				CLANG_WARN_RANGE_LOOP_ANALYSIS = YES;
				CLANG_WARN_STRICT_PROTOTYPES = YES;
				CLANG_WARN_SUSPICIOUS_MOVE = YES;
				CLANG_WARN_UNGUARDED_AVAILABILITY = YES_AGGRESSIVE;
				CLANG_WARN_UNREACHABLE_CODE = YES;
				CLANG_WARN__DUPLICATE_METHOD_MATCH = YES;
				COPY_PHASE_STRIP = NO;
				DEBUG_INFORMATION_FORMAT = "dwarf-with-dsym";
				ENABLE_NS_ASSERTIONS = NO;
				ENABLE_STRICT_OBJC_MSGSEND = YES;
				GCC_C_LANGUAGE_STANDARD = gnu11;
				GCC_NO_COMMON_BLOCKS = YES;
				GCC_WARN_64_TO_32_BIT_CONVERSION = YES;
				GCC_WARN_ABOUT_RETURN_TYPE = YES_ERROR;
				GCC_WARN_UNDECLARED_SELECTOR = YES;
				GCC_WARN_UNINITIALIZED_AUTOS = YES_AGGRESSIVE;
				GCC_WARN_UNUSED_FUNCTION = YES;
				GCC_WARN_UNUSED_VARIABLE = YES;
				IPHONEOS_DEPLOYMENT_TARGET = 13.5;
				MTL_ENABLE_DEBUG_INFO = NO;
				MTL_FAST_MATH = YES;
				SDKROOT = iphoneos;
				SWIFT_COMPILATION_MODE = wholemodule;
				SWIFT_OPTIMIZATION_LEVEL = "-O";
				VALIDATE_PRODUCT = YES;
			};
			name = Release;
		};
		86FA877B24CC7FD000E45172 /* Debug */ = {
			isa = XCBuildConfiguration;
			buildSettings = {
				ASSETCATALOG_COMPILER_APPICON_NAME = AppIcon;
				CODE_SIGN_STYLE = Automatic;
				DEVELOPMENT_TEAM = FZH6P99TXU;
				INFOPLIST_FILE = "Uffizio Test App/Info.plist";
				LD_RUNPATH_SEARCH_PATHS = (
					"$(inherited)",
					"@executable_path/Frameworks",
				);
				PRODUCT_BUNDLE_IDENTIFIER = "com.vikas.uffizioApp.Uffizio-Test-App";
				PRODUCT_NAME = "$(TARGET_NAME)";
				SWIFT_VERSION = 5.0;
				TARGETED_DEVICE_FAMILY = "1,2";
			};
			name = Debug;
		};
		86FA877C24CC7FD000E45172 /* Release */ = {
			isa = XCBuildConfiguration;
			buildSettings = {
				ASSETCATALOG_COMPILER_APPICON_NAME = AppIcon;
				CODE_SIGN_STYLE = Automatic;
				DEVELOPMENT_TEAM = FZH6P99TXU;
				INFOPLIST_FILE = "Uffizio Test App/Info.plist";
				LD_RUNPATH_SEARCH_PATHS = (
					"$(inherited)",
					"@executable_path/Frameworks",
				);
				PRODUCT_BUNDLE_IDENTIFIER = "com.vikas.uffizioApp.Uffizio-Test-App";
				PRODUCT_NAME = "$(TARGET_NAME)";
				SWIFT_VERSION = 5.0;
				TARGETED_DEVICE_FAMILY = "1,2";
			};
			name = Release;
		};
/* End XCBuildConfiguration section */

/* Begin XCConfigurationList section */
		86FA876124CC7FCA00E45172 /* Build configuration list for PBXProject "Uffizio Test App" */ = {
			isa = XCConfigurationList;
			buildConfigurations = (
				86FA877824CC7FD000E45172 /* Debug */,
				86FA877924CC7FD000E45172 /* Release */,
			);
			defaultConfigurationIsVisible = 0;
			defaultConfigurationName = Release;
		};
		86FA877A24CC7FD000E45172 /* Build configuration list for PBXNativeTarget "Uffizio Test App" */ = {
			isa = XCConfigurationList;
			buildConfigurations = (
				86FA877B24CC7FD000E45172 /* Debug */,
				86FA877C24CC7FD000E45172 /* Release */,
			);
			defaultConfigurationIsVisible = 0;
			defaultConfigurationName = Release;
		};
/* End XCConfigurationList section */
	};
	rootObject = 86FA875E24CC7FCA00E45172 /* Project object */;
}
